
Microsoft Visual Studio Solution File, Format Version 12.00
# Visual Studio Version 17
VisualStudioVersion = 17.0.31903.59
MinimumVisualStudioVersion = 10.0.40219.1
Project("{FAE04EC0-301F-11D3-BF4B-00C04F79EFBC}") = "Jag.Pipeline", "src\Jag.Pipeline\Jag.Pipeline.csproj", "{3AF6D991-306E-4D1E-BEEF-AD92B06602AF}"
EndProject
Project("{FAE04EC0-301F-11D3-BF4B-00C04F79EFBC}") = "Jag.Pipeline.UnitTests", "test\Jag.Pipeline.UnitTests\Jag.Pipeline.UnitTests.csproj", "{343EDEF7-2760-44A1-9B73-9F2A360B8ED9}"
EndProject
Project("{2150E333-8FDC-42A3-9474-1A3956D46DE8}") = "Solution Items", "Solution Items", "{6C6F9E3B-2D5C-4A2E-9A6A-2B7C4E6F9A1D}"
	ProjectSection(SolutionItems) = preProject
		.editorconfig = .editorconfig
	EndProjectSection
EndProject
Global
	GlobalSection(SolutionConfigurationPlatforms) = preSolution
		Debug|Any CPU = Debug|Any CPU
		Debug|x64 = Debug|x64
		Debug|x86 = Debug|x86
		Release|Any CPU = Release|Any CPU
		Release|x64 = Release|x64
		Release|x86 = Release|x86
	EndGlobalSection
	GlobalSection(ProjectConfigurationPlatforms) = postSolution
		{3AF6D991-306E-4D1E-BEEF-AD92B06602AF}.Debug|Any CPU.ActiveCfg = Debug|Any CPU
		{3AF6D991-306E-4D1E-BEEF-AD92B06602AF}.Debug|Any CPU.Build.0 = Debug|Any CPU
		{3AF6D991-306E-4D1E-BEEF-AD92B06602AF}.Debug|x64.ActiveCfg = Debug|Any CPU
		{3AF6D991-306E-4D1E-BEEF-AD92B06602AF}.Debug|x64.Build.0 = Debug|Any CPU
		{3AF6D991-306E-4D1E-BEEF-AD92B06602AF}.Debug|x86.ActiveCfg = Debug|Any CPU
		{3AF6D991-306E-4D1E-BEEF-AD92B06602AF}.Debug|x86.Build.0 = Debug|Any CPU
		{3AF6D991-306E-4D1E-BEEF-AD92B06602AF}.Release|Any CPU.ActiveCfg = Release|Any CPU
		{3AF6D991-306E-4D1E-BEEF-AD92B06602AF}.Release|Any CPU.Build.0 = Release|Any CPU
		{3AF6D991-306E-4D1E-BEEF-AD92B06602AF}.Release|x64.ActiveCfg = Release|Any CPU
		{3AF6D991-306E-4D1E-BEEF-AD92B06602AF}.Release|x64.Build.0 = Release|Any CPU
		{3AF6D991-306E-4D1E-BEEF-AD92B06602AF}.Release|x86.ActiveCfg = Release|Any CPU
		{3AF6D991-306E-4D1E-BEEF-AD92B06602AF}.Release|x86.Build.0 = Release|Any CPU
		{343EDEF7-2760-44A1-9B73-9F2A360B8ED9}.Debug|Any CPU.ActiveCfg = Debug|Any CPU
		{343EDEF7-2760-44A1-9B73-9F2A360B8ED9}.Debug|Any CPU.Build.0 = Debug|Any CPU
		{343EDEF7-2760-44A1-9B73-9F2A360B8ED9}.Debug|x64.ActiveCfg = Debug|Any CPU
		{343EDEF7-2760-44A1-9B73-9F2A360B8ED9}.Debug|x64.Build.0 = Debug|Any CPU
		{343EDEF7-2760-44A1-9B73-9F2A360B8ED9}.Debug|x86.ActiveCfg = Debug|Any CPU
		{343EDEF7-2760-44A1-9B73-9F2A360B8ED9}.Debug|x86.Build.0 = Debug|Any CPU
		{343EDEF7-2760-44A1-9B73-9F2A360B8ED9}.Release|Any CPU.ActiveCfg = Release|Any CPU
		{343EDEF7-2760-44A1-9B73-9F2A360B8ED9}.Release|Any CPU.Build.0 = Release|Any CPU
		{343EDEF7-2760-44A1-9B73-9F2A360B8ED9}.Release|x64.ActiveCfg = Release|Any CPU
		{343EDEF7-2760-44A1-9B73-9F2A360B8ED9}.Release|x64.Build.0 = Release|Any CPU
		{343EDEF7-2760-44A1-9B73-9F2A360B8ED9}.Release|x86.ActiveCfg = Release|Any CPU
		{343EDEF7-2760-44A1-9B73-9F2A360B8ED9}.Release|x86.Build.0 = Release|Any CPU
	EndGlobalSection
	GlobalSection(SolutionProperties) = preSolution
		HideSolutionNode = FALSE
	EndGlobalSection
EndGlobal
